
Microsoft Visual Studio Solution File, Format Version 12.00
# Visual Studio Version 17
VisualStudioVersion = 17.5.33530.505
MinimumVisualStudioVersion = 10.0.40219.1
Project("{FAE04EC0-301F-11D3-BF4B-00C04F79EFBC}") = "Dairy", "Dairy.csproj", "{A74C2807-FD48-4C8B-A8E4-B688D7A28DE1}"
EndProject
Global
	GlobalSection(SolutionConfigurationPlatforms) = preSolution
		Debug|Any CPU = Debug|Any CPU
		Release|Any CPU = Release|Any CPU
	EndGlobalSection
	GlobalSection(ProjectConfigurationPlatforms) = postSolution
		{A74C2807-FD48-4C8B-A8E4-B688D7A28DE1}.Debug|Any CPU.ActiveCfg = Debug|Any CPU
		{A74C2807-FD48-4C8B-A8E4-B688D7A28DE1}.Debug|Any CPU.Build.0 = Debug|Any CPU
		{A74C2807-FD48-4C8B-A8E4-B688D7A28DE1}.Release|Any CPU.ActiveCfg = Release|Any CPU
		{A74C2807-FD48-4C8B-A8E4-B688D7A28DE1}.Release|Any CPU.Build.0 = Release|Any CPU
	EndGlobalSection
	GlobalSection(SolutionProperties) = preSolution
		HideSolutionNode = FALSE
	EndGlobalSection
	GlobalSection(ExtensibilityGlobals) = postSolution
		SolutionGuid = {146E9EE9-961A-47AC-BD5A-D2B2102071C1}
	EndGlobalSection
EndGlobal
